
Microsoft Visual Studio Solution File, Format Version 12.00
# Visual Studio 15
VisualStudioVersion = 15.0.28010.2046
MinimumVisualStudioVersion = 10.0.40219.1
Project("{FAE04EC0-301F-11D3-BF4B-00C04F79EFBC}") = "ReportCreator", "ReportCreator\ReportCreator.csproj", "{B9528AD6-6A94-4162-AD4D-CB5704FE70D5}"
EndProject
Global
	GlobalSection(SolutionConfigurationPlatforms) = preSolution
		Debug|Any CPU = Debug|Any CPU
		Release|Any CPU = Release|Any CPU
	EndGlobalSection
	GlobalSection(ProjectConfigurationPlatforms) = postSolution
		{B9528AD6-6A94-4162-AD4D-CB5704FE70D5}.Debug|Any CPU.ActiveCfg = Debug|Any CPU
		{B9528AD6-6A94-4162-AD4D-CB5704FE70D5}.Debug|Any CPU.Build.0 = Debug|Any CPU
		{B9528AD6-6A94-4162-AD4D-CB5704FE70D5}.Release|Any CPU.ActiveCfg = Release|Any CPU
		{B9528AD6-6A94-4162-AD4D-CB5704FE70D5}.Release|Any CPU.Build.0 = Release|Any CPU
	EndGlobalSection
	GlobalSection(SolutionProperties) = preSolution
		HideSolutionNode = FALSE
	EndGlobalSection
	GlobalSection(ExtensibilityGlobals) = postSolution
		SolutionGuid = {BF8C564D-8856-4437-A061-95AB0C530527}
	EndGlobalSection
EndGlobal
